{
  "originHash" : "32f3c4499909b4686a1cd1e8d4324bc4ec88ce6cb80c1fa771b9d055045cedbe",
  "pins" : [
    {
      "identity" : "sentry-cocoa",
      "kind" : "remoteSourceControl",
      "location" : "https://github.com/getsentry/sentry-cocoa.git",
      "state" : {
        "revision" : "cef29e94feb00b1b712514443d6d70b09ef20355",
        "version" : "9.15.0"
      }
    },
    {
      "identity" : "sparkle",
      "kind" : "remoteSourceControl",
      "location" : "https://github.com/sparkle-project/Sparkle",
      "state" : {
        "revision" : "6276ba2b404829d139c45ff98427cf90e2efc59b",
        "version" : "2.9.2"
      }
    },
    {
      "identity" : "swiftsdk",
      "kind" : "remoteSourceControl",
      "location" : "https://github.com/TelemetryDeck/SwiftSDK",
      "state" : {
        "revision" : "976172aa79a157157e754441c5ca4869c455b657",
        "version" : "2.14.0"
      }
    }
  ],
  "version" : 3
}
