{
  "originHash" : "7d53e1ad027f34fe424fed66255c99ff299c40e75bfac5cac4f0fcc06554448b",
  "pins" : [
    {
      "identity" : "sentry-cocoa",
      "kind" : "remoteSourceControl",
      "location" : "https://github.com/getsentry/sentry-cocoa.git",
      "state" : {
        "revision" : "c97459fd75243c620a09a1e6219e63aaec37555e",
        "version" : "9.5.0"
      }
    },
    {
      "identity" : "sparkle",
      "kind" : "remoteSourceControl",
      "location" : "https://github.com/sparkle-project/Sparkle",
      "state" : {
        "revision" : "5581748cef2bae787496fe6d61139aebe0a451f6",
        "version" : "2.8.1"
      }
    },
    {
      "identity" : "swiftsdk",
      "kind" : "remoteSourceControl",
      "location" : "https://github.com/TelemetryDeck/SwiftSDK",
      "state" : {
        "revision" : "8f332c1c256ba26cc46f74c9e5af94f7b1c37a9c",
        "version" : "2.11.0"
      }
    }
  ],
  "version" : 3
}
