// !$*UTF8*$!
{
	archiveVersion = 1;
	classes = {
	};
	objectVersion = 77;
	objects = {

/* Begin PBXBuildFile section */
		3357D9A62F3CA1F8003407C9 /* TelemetryClient in Frameworks */ = {isa = PBXBuildFile; productRef = 3357D9A52F3CA1F8003407C9 /* TelemetryClient */; };
		3357D9A82F3CA1F8003407C9 /* TelemetryDeck in Frameworks */ = {isa = PBXBuildFile; productRef = 3357D9A72F3CA1F8003407C9 /* TelemetryDeck */; };
		33BC0DED2F1778E1009C25B3 /* BsCalendarCore.xcframework in Frameworks */ = {isa = PBXBuildFile; fileRef = 33BC0DEC2F1778E1009C25B3 /* BsCalendarCore.xcframework */; };
		33D079AF2F1778E1009C25B3 /* Sparkle in Frameworks */ = {isa = PBXBuildFile; productRef = 33D079AE2F1778E1009C25B3 /* Sparkle */; settings = {ATTRIBUTES = (Optional, ); }; };
		33FA7F522F4894BE00CE5AD9 /* Sentry in Frameworks */ = {isa = PBXBuildFile; productRef = 33FA7F512F4894BE00CE5AD9 /* Sentry */; };
/* End PBXBuildFile section */

/* Begin PBXFileReference section */
		338DD69F2ECA475400360807 /* BS Calendar (Bikram Sambat).app */ = {isa = PBXFileReference; explicitFileType = wrapper.application; includeInIndex = 0; path = "BS Calendar (Bikram Sambat).app"; sourceTree = BUILT_PRODUCTS_DIR; };
		33BC0DEC2F1778E1009C25B3 /* BsCalendarCore.xcframework */ = {isa = PBXFileReference; lastKnownFileType = wrapper.xcframework; name = BsCalendarCore.xcframework; path = NepaliDaateMenuBar/Frameworks/BsCalendarCore.xcframework; sourceTree = "<group>"; };
		33D079B22F1778E1009C25B5 /* Config.xcconfig */ = {isa = PBXFileReference; lastKnownFileType = text.xcconfig; path = Config.xcconfig; sourceTree = "<group>"; };
/* End PBXFileReference section */

/* Begin PBXFileSystemSynchronizedRootGroup section */
		338DD6A12ECA475400360807 /* NepaliDaateMenuBar */ = {
			isa = PBXFileSystemSynchronizedRootGroup;
			path = NepaliDaateMenuBar;
			sourceTree = "<group>";
		};
/* End PBXFileSystemSynchronizedRootGroup section */

/* Begin PBXFrameworksBuildPhase section */
		338DD69C2ECA475400360807 /* Frameworks */ = {
			isa = PBXFrameworksBuildPhase;
			buildActionMask = 2147483647;
			files = (
				33BC0DED2F1778E1009C25B3 /* BsCalendarCore.xcframework in Frameworks */,
				3357D9A62F3CA1F8003407C9 /* TelemetryClient in Frameworks */,
				33D079AF2F1778E1009C25B3 /* Sparkle in Frameworks */,
				3357D9A82F3CA1F8003407C9 /* TelemetryDeck in Frameworks */,
				33FA7F522F4894BE00CE5AD9 /* Sentry in Frameworks */,
			);
			runOnlyForDeploymentPostprocessing = 0;
		};
/* End PBXFrameworksBuildPhase section */

/* Begin PBXGroup section */
		338DD6962ECA475400360807 = {
			isa = PBXGroup;
			children = (
				33D079B22F1778E1009C25B5 /* Config.xcconfig */,
				338DD6A12ECA475400360807 /* NepaliDaateMenuBar */,
				33BC0DEB2F1778E1009C25B3 /* Frameworks */,
				338DD6A02ECA475400360807 /* Products */,
			);
			sourceTree = "<group>";
		};
		338DD6A02ECA475400360807 /* Products */ = {
			isa = PBXGroup;
			children = (
				338DD69F2ECA475400360807 /* BS Calendar (Bikram Sambat).app */,
			);
			name = Products;
			sourceTree = "<group>";
		};
		33BC0DEB2F1778E1009C25B3 /* Frameworks */ = {
			isa = PBXGroup;
			children = (
				33BC0DEC2F1778E1009C25B3 /* BsCalendarCore.xcframework */,
			);
			name = Frameworks;
			sourceTree = "<group>";
		};
/* End PBXGroup section */

/* Begin PBXNativeTarget section */
		338DD69E2ECA475400360807 /* BS Calendar (Bikram Sambat) */ = {
			isa = PBXNativeTarget;
			buildConfigurationList = 338DD6AA2ECA475500360807 /* Build configuration list for PBXNativeTarget "BS Calendar (Bikram Sambat)" */;
			buildPhases = (
				338DD69B2ECA475400360807 /* Sources */,
				338DD69C2ECA475400360807 /* Frameworks */,
				338DD69D2ECA475400360807 /* Resources */,
				33D079B12F1778E1009C25B5 /* Remove Sparkle if No SPARKLE Flag */,
				33D079B32F1778E1009C25B5 /* Validate Telemetry Config */,
			);
			buildRules = (
			);
			dependencies = (
			);
			fileSystemSynchronizedGroups = (
				338DD6A12ECA475400360807 /* NepaliDaateMenuBar */,
			);
			name = "BS Calendar (Bikram Sambat)";
			productName = "BS Calendar (Bikram Sambat)";
			productReference = 338DD69F2ECA475400360807 /* BS Calendar (Bikram Sambat).app */;
			productType = "com.apple.product-type.application";
		};
/* End PBXNativeTarget section */

/* Begin PBXProject section */
		338DD6972ECA475400360807 /* Project object */ = {
			isa = PBXProject;
			attributes = {
				BuildIndependentTargetsInParallel = 1;
				LastSwiftUpdateCheck = 2600;
				LastUpgradeCheck = 2601;
				TargetAttributes = {
					338DD69E2ECA475400360807 = {
						CreatedOnToolsVersion = 26.0.1;
						ProvisioningStyle = Manual;
					};
				};
			};
			buildConfigurationList = 338DD69A2ECA475400360807 /* Build configuration list for PBXProject "NepaliDateMacMenuBar" */;
			developmentRegion = en;
			hasScannedForEncodings = 0;
			knownRegions = (
				en,
				Base,
			);
			mainGroup = 338DD6962ECA475400360807;
			minimizedProjectReferenceProxies = 1;
			packageReferences = (
				33D079AD2F1778E1009C25B3 /* XCRemoteSwiftPackageReference "Sparkle" */,
				3357D9A42F3CA1F8003407C9 /* XCRemoteSwiftPackageReference "SwiftSDK" */,
				33FA7F502F4894BE00CE5AD9 /* XCRemoteSwiftPackageReference "sentry-cocoa" */,
			);
			preferredProjectObjectVersion = 77;
			productRefGroup = 338DD6A02ECA475400360807 /* Products */;
			projectDirPath = "";
			projectRoot = "";
			targets = (
				338DD69E2ECA475400360807 /* BS Calendar (Bikram Sambat) */,
			);
		};
/* End PBXProject section */

/* Begin PBXResourcesBuildPhase section */
		338DD69D2ECA475400360807 /* Resources */ = {
			isa = PBXResourcesBuildPhase;
			buildActionMask = 2147483647;
			files = (
			);
			runOnlyForDeploymentPostprocessing = 0;
		};
/* End PBXResourcesBuildPhase section */

/* Begin PBXShellScriptBuildPhase section */
		33D079B12F1778E1009C25B5 /* Remove Sparkle if No SPARKLE Flag */ = {
			isa = PBXShellScriptBuildPhase;
			alwaysOutOfDate = 1;
			buildActionMask = 2147483647;
			files = (
			);
			inputFileListPaths = (
			);
			inputPaths = (
			);
			name = "Remove Sparkle if No SPARKLE Flag";
			outputFileListPaths = (
			);
			outputPaths = (
			);
			runOnlyForDeploymentPostprocessing = 0;
			shellPath = /bin/sh;
			shellScript = "if [[ ! \"$OTHER_SWIFT_FLAGS\" == *\"-D SPARKLE\"* ]]; then\n  FRAMEWORK_PATH=\"$TARGET_BUILD_DIR/$FRAMEWORKS_FOLDER_PATH/Sparkle.framework\"\n  if [ -d \"$FRAMEWORK_PATH\" ]; then\n    echo \"Found Sparkle framework at $FRAMEWORK_PATH. Removing for App Store build...\"\n    rm -rf \"$FRAMEWORK_PATH\"\n  else\n    echo \"Sparkle framework not found at $FRAMEWORK_PATH. Skipping removal.\"\n  fi\nfi\n";
		};
		33D079B32F1778E1009C25B5 /* Validate Telemetry Config */ = {
			isa = PBXShellScriptBuildPhase;
			alwaysOutOfDate = 1;
			buildActionMask = 2147483647;
			files = (
			);
			inputFileListPaths = (
			);
			inputPaths = (
			);
			name = "Validate Telemetry Config";
			outputFileListPaths = (
			);
			outputPaths = (
			);
			runOnlyForDeploymentPostprocessing = 0;
			shellPath = /bin/sh;
			shellScript = "if [ -z \"$TELEMETRY_APP_ID\" ] || [ \"$TELEMETRY_APP_ID\" == \"your_app_id_here\" ]; then\n  echo \"warning: TELEMETRY_APP_ID is not set or using placeholder. Telemetry will be disabled. Update Secrets.xcconfig.\"\nfi\n";
		};
/* End PBXShellScriptBuildPhase section */

/* Begin PBXSourcesBuildPhase section */
		338DD69B2ECA475400360807 /* Sources */ = {
			isa = PBXSourcesBuildPhase;
			buildActionMask = 2147483647;
			files = (
			);
			runOnlyForDeploymentPostprocessing = 0;
		};
/* End PBXSourcesBuildPhase section */

/* Begin XCBuildConfiguration section */
		338DD6A82ECA475500360807 /* Debug */ = {
			isa = XCBuildConfiguration;
			baseConfigurationReference = 33D079B22F1778E1009C25B5 /* Config.xcconfig */;
			buildSettings = {
				ALWAYS_SEARCH_USER_PATHS = NO;
				ASSETCATALOG_COMPILER_GENERATE_SWIFT_ASSET_SYMBOL_EXTENSIONS = YES;
				CLANG_ANALYZER_NONNULL = YES;
				CLANG_ANALYZER_NUMBER_OBJECT_CONVERSION = YES_AGGRESSIVE;
				CLANG_CXX_LANGUAGE_STANDARD = "gnu++20";
				CLANG_ENABLE_MODULES = YES;
				CLANG_ENABLE_OBJC_ARC = YES;
				CLANG_ENABLE_OBJC_WEAK = YES;
				CLANG_WARN_BLOCK_CAPTURE_AUTORELEASING = YES;
				CLANG_WARN_BOOL_CONVERSION = YES;
				CLANG_WARN_COMMA = YES;
				CLANG_WARN_CONSTANT_CONVERSION = YES;
				CLANG_WARN_DEPRECATED_OBJC_IMPLEMENTATIONS = YES;
				CLANG_WARN_DIRECT_OBJC_ISA_USAGE = YES_ERROR;
				CLANG_WARN_DOCUMENTATION_COMMENTS = YES;
				CLANG_WARN_EMPTY_BODY = YES;
				CLANG_WARN_ENUM_CONVERSION = YES;
				CLANG_WARN_INFINITE_RECURSION = YES;
				CLANG_WARN_INT_CONVERSION = YES;
				CLANG_WARN_NON_LITERAL_NULL_CONVERSION = YES;
				CLANG_WARN_OBJC_IMPLICIT_RETAIN_SELF = YES;
				CLANG_WARN_OBJC_LITERAL_CONVERSION = YES;
				CLANG_WARN_OBJC_ROOT_CLASS = YES_ERROR;
				CLANG_WARN_QUOTED_INCLUDE_IN_FRAMEWORK_HEADER = YES;
				CLANG_WARN_RANGE_LOOP_ANALYSIS = YES;
				CLANG_WARN_STRICT_PROTOTYPES = YES;
				CLANG_WARN_SUSPICIOUS_MOVE = YES;
				CLANG_WARN_UNGUARDED_AVAILABILITY = YES_AGGRESSIVE;
				CLANG_WARN_UNREACHABLE_CODE = YES;
				CLANG_WARN__DUPLICATE_METHOD_MATCH = YES;
				COPY_PHASE_STRIP = NO;
				DEBUG_INFORMATION_FORMAT = dwarf;
				DEVELOPMENT_TEAM = 4DRNCBN798;
				ENABLE_STRICT_OBJC_MSGSEND = YES;
				ENABLE_TESTABILITY = YES;
				ENABLE_USER_SCRIPT_SANDBOXING = NO;
				GCC_C_LANGUAGE_STANDARD = gnu17;
				GCC_DYNAMIC_NO_PIC = NO;
				GCC_NO_COMMON_BLOCKS = YES;
				GCC_OPTIMIZATION_LEVEL = 0;
				GCC_PREPROCESSOR_DEFINITIONS = (
					"DEBUG=1",
					"$(inherited)",
				);
				GCC_WARN_64_TO_32_BIT_CONVERSION = YES;
				GCC_WARN_ABOUT_RETURN_TYPE = YES_ERROR;
				GCC_WARN_UNDECLARED_SELECTOR = YES;
				GCC_WARN_UNINITIALIZED_AUTOS = YES_AGGRESSIVE;
				GCC_WARN_UNUSED_FUNCTION = YES;
				GCC_WARN_UNUSED_VARIABLE = YES;
				LOCALIZATION_PREFERS_STRING_CATALOGS = YES;
				MACOSX_DEPLOYMENT_TARGET = 12.0;
				MTL_ENABLE_DEBUG_INFO = INCLUDE_SOURCE;
				MTL_FAST_MATH = YES;
				ONLY_ACTIVE_ARCH = YES;
				SDKROOT = macosx;
				SWIFT_ACTIVE_COMPILATION_CONDITIONS = "DEBUG $(inherited)";
				SWIFT_OPTIMIZATION_LEVEL = "-Onone";
			};
			name = Debug;
		};
		338DD6A92ECA475500360807 /* Release */ = {
			isa = XCBuildConfiguration;
			baseConfigurationReference = 33D079B22F1778E1009C25B5 /* Config.xcconfig */;
			buildSettings = {
				ALWAYS_SEARCH_USER_PATHS = NO;
				ASSETCATALOG_COMPILER_GENERATE_SWIFT_ASSET_SYMBOL_EXTENSIONS = YES;
				CLANG_ANALYZER_NONNULL = YES;
				CLANG_ANALYZER_NUMBER_OBJECT_CONVERSION = YES_AGGRESSIVE;
				CLANG_CXX_LANGUAGE_STANDARD = "gnu++20";
				CLANG_ENABLE_MODULES = YES;
				CLANG_ENABLE_OBJC_ARC = YES;
				CLANG_ENABLE_OBJC_WEAK = YES;
				CLANG_WARN_BLOCK_CAPTURE_AUTORELEASING = YES;
				CLANG_WARN_BOOL_CONVERSION = YES;
				CLANG_WARN_COMMA = YES;
				CLANG_WARN_CONSTANT_CONVERSION = YES;
				CLANG_WARN_DEPRECATED_OBJC_IMPLEMENTATIONS = YES;
				CLANG_WARN_DIRECT_OBJC_ISA_USAGE = YES_ERROR;
				CLANG_WARN_DOCUMENTATION_COMMENTS = YES;
				CLANG_WARN_EMPTY_BODY = YES;
				CLANG_WARN_ENUM_CONVERSION = YES;
				CLANG_WARN_INFINITE_RECURSION = YES;
				CLANG_WARN_INT_CONVERSION = YES;
				CLANG_WARN_NON_LITERAL_NULL_CONVERSION = YES;
				CLANG_WARN_OBJC_IMPLICIT_RETAIN_SELF = YES;
				CLANG_WARN_OBJC_LITERAL_CONVERSION = YES;
				CLANG_WARN_OBJC_ROOT_CLASS = YES_ERROR;
				CLANG_WARN_QUOTED_INCLUDE_IN_FRAMEWORK_HEADER = YES;
				CLANG_WARN_RANGE_LOOP_ANALYSIS = YES;
				CLANG_WARN_STRICT_PROTOTYPES = YES;
				CLANG_WARN_SUSPICIOUS_MOVE = YES;
				CLANG_WARN_UNGUARDED_AVAILABILITY = YES_AGGRESSIVE;
				CLANG_WARN_UNREACHABLE_CODE = YES;
				CLANG_WARN__DUPLICATE_METHOD_MATCH = YES;
				COPY_PHASE_STRIP = NO;
				DEBUG_INFORMATION_FORMAT = "dwarf-with-dsym";
				DEVELOPMENT_TEAM = 4DRNCBN798;
				ENABLE_NS_ASSERTIONS = NO;
				ENABLE_STRICT_OBJC_MSGSEND = YES;
				ENABLE_USER_SCRIPT_SANDBOXING = NO;
				GCC_C_LANGUAGE_STANDARD = gnu17;
				GCC_NO_COMMON_BLOCKS = YES;
				GCC_WARN_64_TO_32_BIT_CONVERSION = YES;
				GCC_WARN_ABOUT_RETURN_TYPE = YES_ERROR;
				GCC_WARN_UNDECLARED_SELECTOR = YES;
				GCC_WARN_UNINITIALIZED_AUTOS = YES_AGGRESSIVE;
				GCC_WARN_UNUSED_FUNCTION = YES;
				GCC_WARN_UNUSED_VARIABLE = YES;
				LOCALIZATION_PREFERS_STRING_CATALOGS = YES;
				MACOSX_DEPLOYMENT_TARGET = 12.0;
				MTL_ENABLE_DEBUG_INFO = NO;
				MTL_FAST_MATH = YES;
				SDKROOT = macosx;
				SWIFT_COMPILATION_MODE = wholemodule;
			};
			name = Release;
		};
		338DD6AB2ECA475500360807 /* Debug */ = {
			isa = XCBuildConfiguration;
			baseConfigurationReference = 33D079B22F1778E1009C25B5 /* Config.xcconfig */;
			buildSettings = {
				ASSETCATALOG_COMPILER_APPICON_NAME = AppIcon;
				ASSETCATALOG_COMPILER_GLOBAL_ACCENT_COLOR_NAME = AccentColor;
				ASSETCATALOG_COMPILER_INCLUDE_ALL_APPICON_ASSETS = NO;
				CODE_SIGN_ENTITLEMENTS = NepaliDaateMenuBar/NepaliDaateMenuBar.entitlements;
				"CODE_SIGN_IDENTITY[sdk=macosx*]" = "-";
				CODE_SIGN_STYLE = Manual;
				COMBINE_HIDPI_IMAGES = YES;
				CURRENT_PROJECT_VERSION = 3;
				DEVELOPMENT_TEAM = 4DRNCBN798;
				"DEVELOPMENT_TEAM[sdk=macosx*]" = 4DRNCBN798;
				ENABLE_APP_SANDBOX = NO;
				ENABLE_HARDENED_RUNTIME = YES;
				ENABLE_PREVIEWS = YES;
				FRAMEWORK_SEARCH_PATHS = (
					"$(inherited)",
					"$(SRCROOT)/NepaliDaateMenuBar/Frameworks",
				);
				GENERATE_INFOPLIST_FILE = YES;
				HEADER_SEARCH_PATHS = (
					"$(inherited)",
					"$(PROJECT_DIR)/NepaliDaateMenuBar/Frameworks/BsCalendarCore.xcframework/macos-arm64_x86_64/Headers",
				);
				INFOPLIST_FILE = NepaliDaateMenuBar/Info.plist;
				INFOPLIST_KEY_LSApplicationCategoryType = "public.app-category.utilities";
				INFOPLIST_KEY_NSCalendarsUsageDescription = "This app needs access to your calendar to display events in the Nepali calendar view.";
				INFOPLIST_KEY_NSHumanReadableCopyright = "";
				INFOPLIST_KEY_TelemetryAppID = "$(TELEMETRY_APP_ID)";
				LD_RUNPATH_SEARCH_PATHS = (
					"$(inherited)",
					"@executable_path/../Frameworks",
				);
				LIBRARY_SEARCH_PATHS = (
					"$(inherited)",
					"$(PROJECT_DIR)/NepaliDaateMenuBar/Frameworks/BsCalendarCore.xcframework/macos-arm64_x86_64",
				);
				MARKETING_VERSION = 0.0.1;
				OTHER_LDFLAGS = (
					"$(inherited)",
					"-weak_framework",
					Sparkle,
				);
				PRODUCT_BUNDLE_IDENTIFIER = calendar.nepali.app;
				PRODUCT_NAME = "BS Calendar (Bikram Sambat)";
				REGISTER_APP_GROUPS = YES;
				STRING_CATALOG_GENERATE_SYMBOLS = YES;
				SWIFT_APPROACHABLE_CONCURRENCY = YES;
				SWIFT_DEFAULT_ACTOR_ISOLATION = MainActor;
				SWIFT_EMIT_LOC_STRINGS = YES;
				SWIFT_OBJC_BRIDGING_HEADER = "NepaliDaateMenuBar/BS-Calendar-Bikram-Sambat-Bridging-Header.h";
				SWIFT_UPCOMING_FEATURE_MEMBER_IMPORT_VISIBILITY = YES;
				SWIFT_VERSION = 5.0;
				USER_HEADER_SEARCH_PATHS = (
					"$(inherited)",
					"$(PROJECT_DIR)/NepaliDaateMenuBar/Frameworks/BsCalendarCore.xcframework/macos-arm64_x86_64/Headers",
				);
			};
			name = Debug;
		};
		338DD6AC2ECA475500360807 /* Release */ = {
			isa = XCBuildConfiguration;
			baseConfigurationReference = 33D079B22F1778E1009C25B5 /* Config.xcconfig */;
			buildSettings = {
				ASSETCATALOG_COMPILER_APPICON_NAME = AppIcon;
				ASSETCATALOG_COMPILER_GLOBAL_ACCENT_COLOR_NAME = AccentColor;
				ASSETCATALOG_COMPILER_INCLUDE_ALL_APPICON_ASSETS = NO;
				CODE_SIGN_ENTITLEMENTS = NepaliDaateMenuBar/NepaliDaateMenuBar.entitlements;
				"CODE_SIGN_IDENTITY[sdk=macosx*]" = "-";
				CODE_SIGN_STYLE = Manual;
				COMBINE_HIDPI_IMAGES = YES;
				CURRENT_PROJECT_VERSION = 3;
				DEVELOPMENT_TEAM = 4DRNCBN798;
				"DEVELOPMENT_TEAM[sdk=macosx*]" = 4DRNCBN798;
				ENABLE_APP_SANDBOX = NO;
				ENABLE_HARDENED_RUNTIME = YES;
				ENABLE_PREVIEWS = YES;
				FRAMEWORK_SEARCH_PATHS = (
					"$(inherited)",
					"$(SRCROOT)/NepaliDaateMenuBar/Frameworks",
				);
				GENERATE_INFOPLIST_FILE = YES;
				HEADER_SEARCH_PATHS = (
					"$(inherited)",
					"$(PROJECT_DIR)/NepaliDaateMenuBar/Frameworks/BsCalendarCore.xcframework/macos-arm64_x86_64/Headers",
				);
				INFOPLIST_FILE = NepaliDaateMenuBar/Info.plist;
				INFOPLIST_KEY_LSApplicationCategoryType = "public.app-category.utilities";
				INFOPLIST_KEY_NSCalendarsUsageDescription = "This app needs access to your calendar to display events in the Nepali calendar view.";
				INFOPLIST_KEY_NSHumanReadableCopyright = "";
				INFOPLIST_KEY_TelemetryAppID = "$(TELEMETRY_APP_ID)";
				LD_RUNPATH_SEARCH_PATHS = (
					"$(inherited)",
					"@executable_path/../Frameworks",
				);
				LIBRARY_SEARCH_PATHS = (
					"$(inherited)",
					"$(PROJECT_DIR)/NepaliDaateMenuBar/Frameworks/BsCalendarCore.xcframework/macos-arm64_x86_64",
				);
				MARKETING_VERSION = 0.0.1;
				OTHER_LDFLAGS = (
					"$(inherited)",
					"-weak_framework",
					Sparkle,
				);
				PRODUCT_BUNDLE_IDENTIFIER = calendar.nepali.app;
				PRODUCT_NAME = "BS Calendar (Bikram Sambat)";
				REGISTER_APP_GROUPS = YES;
				STRING_CATALOG_GENERATE_SYMBOLS = YES;
				SWIFT_APPROACHABLE_CONCURRENCY = YES;
				SWIFT_DEFAULT_ACTOR_ISOLATION = MainActor;
				SWIFT_EMIT_LOC_STRINGS = YES;
				SWIFT_OBJC_BRIDGING_HEADER = "NepaliDaateMenuBar/BS-Calendar-Bikram-Sambat-Bridging-Header.h";
				SWIFT_UPCOMING_FEATURE_MEMBER_IMPORT_VISIBILITY = YES;
				SWIFT_VERSION = 5.0;
				USER_HEADER_SEARCH_PATHS = (
					"$(inherited)",
					"$(PROJECT_DIR)/NepaliDaateMenuBar/Frameworks/BsCalendarCore.xcframework/macos-arm64_x86_64/Headers",
				);
			};
			name = Release;
		};
/* End XCBuildConfiguration section */

/* Begin XCConfigurationList section */
		338DD69A2ECA475400360807 /* Build configuration list for PBXProject "NepaliDateMacMenuBar" */ = {
			isa = XCConfigurationList;
			buildConfigurations = (
				338DD6A82ECA475500360807 /* Debug */,
				338DD6A92ECA475500360807 /* Release */,
			);
			defaultConfigurationIsVisible = 0;
			defaultConfigurationName = Release;
		};
		338DD6AA2ECA475500360807 /* Build configuration list for PBXNativeTarget "BS Calendar (Bikram Sambat)" */ = {
			isa = XCConfigurationList;
			buildConfigurations = (
				338DD6AB2ECA475500360807 /* Debug */,
				338DD6AC2ECA475500360807 /* Release */,
			);
			defaultConfigurationIsVisible = 0;
			defaultConfigurationName = Release;
		};
/* End XCConfigurationList section */

/* Begin XCRemoteSwiftPackageReference section */
		3357D9A42F3CA1F8003407C9 /* XCRemoteSwiftPackageReference "SwiftSDK" */ = {
			isa = XCRemoteSwiftPackageReference;
			repositoryURL = "https://github.com/TelemetryDeck/SwiftSDK";
			requirement = {
				kind = upToNextMajorVersion;
				minimumVersion = 2.11.0;
			};
		};
		33D079AD2F1778E1009C25B3 /* XCRemoteSwiftPackageReference "Sparkle" */ = {
			isa = XCRemoteSwiftPackageReference;
			repositoryURL = "https://github.com/sparkle-project/Sparkle";
			requirement = {
				kind = upToNextMajorVersion;
				minimumVersion = 2.8.1;
			};
		};
		33FA7F502F4894BE00CE5AD9 /* XCRemoteSwiftPackageReference "sentry-cocoa" */ = {
			isa = XCRemoteSwiftPackageReference;
			repositoryURL = "https://github.com/getsentry/sentry-cocoa.git";
			requirement = {
				kind = upToNextMajorVersion;
				minimumVersion = 9.5.0;
			};
		};
/* End XCRemoteSwiftPackageReference section */

/* Begin XCSwiftPackageProductDependency section */
		3357D9A52F3CA1F8003407C9 /* TelemetryClient */ = {
			isa = XCSwiftPackageProductDependency;
			package = 3357D9A42F3CA1F8003407C9 /* XCRemoteSwiftPackageReference "SwiftSDK" */;
			productName = TelemetryClient;
		};
		3357D9A72F3CA1F8003407C9 /* TelemetryDeck */ = {
			isa = XCSwiftPackageProductDependency;
			package = 3357D9A42F3CA1F8003407C9 /* XCRemoteSwiftPackageReference "SwiftSDK" */;
			productName = TelemetryDeck;
		};
		33D079AE2F1778E1009C25B3 /* Sparkle */ = {
			isa = XCSwiftPackageProductDependency;
			package = 33D079AD2F1778E1009C25B3 /* XCRemoteSwiftPackageReference "Sparkle" */;
			productName = Sparkle;
		};
		33FA7F512F4894BE00CE5AD9 /* Sentry */ = {
			isa = XCSwiftPackageProductDependency;
			package = 33FA7F502F4894BE00CE5AD9 /* XCRemoteSwiftPackageReference "sentry-cocoa" */;
			productName = Sentry;
		};
/* End XCSwiftPackageProductDependency section */
	};
	rootObject = 338DD6972ECA475400360807 /* Project object */;
}
